{
  "name": "master-of-hwp-bridges",
  "version": "0.1.0",
  "lockfileVersion": 3,
  "requires": true,
  "packages": {
    "": {
      "name": "master-of-hwp-bridges",
      "version": "0.1.0",
      "dependencies": {
        "@rhwp/core": "^0.7.3"
      },
      "engines": {
        "node": ">=20"
      }
    },
    "node_modules/@rhwp/core": {
      "version": "0.7.3",
      "resolved": "https://registry.npmjs.org/@rhwp/core/-/core-0.7.3.tgz",
      "integrity": "sha512-nueIqvZbW0v84y0xnRJhwPoYE0kHUZ9gOSiBn33xW4O7VxX/WgfMTbhevXoY8c0ryIH3Zd4ba27nK062l3uW1g==",
      "license": "MIT"
    }
  }
}
